// !$*UTF8*$!
{
	archiveVersion = 1;
	classes = {
	};
	objectVersion = 50;
	objects = {

/* Begin PBXBuildFile section */
		841E1321268E3F9C00C60E31 /* AppDelegate.swift in Sources */ = {isa = PBXBuildFile; fileRef = 841E1320268E3F9C00C60E31 /* AppDelegate.swift */; };
		841E1323268E3F9C00C60E31 /* SceneDelegate.swift in Sources */ = {isa = PBXBuildFile; fileRef = 841E1322268E3F9C00C60E31 /* SceneDelegate.swift */; };
		841E1325268E3F9C00C60E31 /* ViewController.swift in Sources */ = {isa = PBXBuildFile; fileRef = 841E1324268E3F9C00C60E31 /* ViewController.swift */; };
		841E1328268E3F9C00C60E31 /* Main.storyboard in Resources */ = {isa = PBXBuildFile; fileRef = 841E1326268E3F9C00C60E31 /* Main.storyboard */; };
		841E132A268E3F9F00C60E31 /* Assets.xcassets in Resources */ = {isa = PBXBuildFile; fileRef = 841E1329268E3F9F00C60E31 /* Assets.xcassets */; };
		841E132D268E3F9F00C60E31 /* LaunchScreen.storyboard in Resources */ = {isa = PBXBuildFile; fileRef = 841E132B268E3F9F00C60E31 /* LaunchScreen.storyboard */; };
		841E1336268E3FEF00C60E31 /* APIResponse.swift in Sources */ = {isa = PBXBuildFile; fileRef = 841E1335268E3FEF00C60E31 /* APIResponse.swift */; };
		841E133D268E404800C60E31 /* APIService.swift in Sources */ = {isa = PBXBuildFile; fileRef = 841E133C268E404800C60E31 /* APIService.swift */; };
		84F4DF18268E4512004D6944 /* URLSession+Extensions.swift in Sources */ = {isa = PBXBuildFile; fileRef = 84F4DF17268E4512004D6944 /* URLSession+Extensions.swift */; };
/* End PBXBuildFile section */

/* Begin PBXFileReference section */
		841E131D268E3F9C00C60E31 /* sample.app */ = {isa = PBXFileReference; explicitFileType = wrapper.application; includeInIndex = 0; path = sample.app; sourceTree = BUILT_PRODUCTS_DIR; };
		841E1320268E3F9C00C60E31 /* AppDelegate.swift */ = {isa = PBXFileReference; lastKnownFileType = sourcecode.swift; path = AppDelegate.swift; sourceTree = "<group>"; };
		841E1322268E3F9C00C60E31 /* SceneDelegate.swift */ = {isa = PBXFileReference; lastKnownFileType = sourcecode.swift; path = SceneDelegate.swift; sourceTree = "<group>"; };
		841E1324268E3F9C00C60E31 /* ViewController.swift */ = {isa = PBXFileReference; lastKnownFileType = sourcecode.swift; path = ViewController.swift; sourceTree = "<group>"; };
		841E1327268E3F9C00C60E31 /* Base */ = {isa = PBXFileReference; lastKnownFileType = file.storyboard; name = Base; path = Base.lproj/Main.storyboard; sourceTree = "<group>"; };
		841E1329268E3F9F00C60E31 /* Assets.xcassets */ = {isa = PBXFileReference; lastKnownFileType = folder.assetcatalog; path = Assets.xcassets; sourceTree = "<group>"; };
		841E132C268E3F9F00C60E31 /* Base */ = {isa = PBXFileReference; lastKnownFileType = file.storyboard; name = Base; path = Base.lproj/LaunchScreen.storyboard; sourceTree = "<group>"; };
		841E132E268E3F9F00C60E31 /* Info.plist */ = {isa = PBXFileReference; lastKnownFileType = text.plist.xml; path = Info.plist; sourceTree = "<group>"; };
		841E1335268E3FEF00C60E31 /* APIResponse.swift */ = {isa = PBXFileReference; lastKnownFileType = sourcecode.swift; path = APIResponse.swift; sourceTree = "<group>"; };
		841E133C268E404800C60E31 /* APIService.swift */ = {isa = PBXFileReference; lastKnownFileType = sourcecode.swift; path = APIService.swift; sourceTree = "<group>"; };
		84F4DF17268E4512004D6944 /* URLSession+Extensions.swift */ = {isa = PBXFileReference; lastKnownFileType = sourcecode.swift; path = "URLSession+Extensions.swift"; sourceTree = "<group>"; };
/* End PBXFileReference section */

/* Begin PBXFrameworksBuildPhase section */
		841E131A268E3F9C00C60E31 /* Frameworks */ = {
			isa = PBXFrameworksBuildPhase;
			buildActionMask = 2147483647;
			files = (
			);
			runOnlyForDeploymentPostprocessing = 0;
		};
/* End PBXFrameworksBuildPhase section */

/* Begin PBXGroup section */
		841E1314268E3F9B00C60E31 = {
			isa = PBXGroup;
			children = (
				841E131F268E3F9C00C60E31 /* sample */,
				841E131E268E3F9C00C60E31 /* Products */,
			);
			sourceTree = "<group>";
		};
		841E131E268E3F9C00C60E31 /* Products */ = {
			isa = PBXGroup;
			children = (
				841E131D268E3F9C00C60E31 /* sample.app */,
			);
			name = Products;
			sourceTree = "<group>";
		};
		841E131F268E3F9C00C60E31 /* sample */ = {
			isa = PBXGroup;
			children = (
				84F4DF16268E44FB004D6944 /* Extensions */,
				841E1338268E400A00C60E31 /* API */,
				841E1320268E3F9C00C60E31 /* AppDelegate.swift */,
				841E1322268E3F9C00C60E31 /* SceneDelegate.swift */,
				841E1324268E3F9C00C60E31 /* ViewController.swift */,
				841E1326268E3F9C00C60E31 /* Main.storyboard */,
				841E1329268E3F9F00C60E31 /* Assets.xcassets */,
				841E132B268E3F9F00C60E31 /* LaunchScreen.storyboard */,
				841E132E268E3F9F00C60E31 /* Info.plist */,
			);
			path = sample;
			sourceTree = "<group>";
		};
		841E1338268E400A00C60E31 /* API */ = {
			isa = PBXGroup;
			children = (
				841E133B268E403300C60E31 /* Services */,
				841E133A268E402A00C60E31 /* Models */,
			);
			path = API;
			sourceTree = "<group>";
		};
		841E133A268E402A00C60E31 /* Models */ = {
			isa = PBXGroup;
			children = (
				841E1335268E3FEF00C60E31 /* APIResponse.swift */,
			);
			path = Models;
			sourceTree = "<group>";
		};
		841E133B268E403300C60E31 /* Services */ = {
			isa = PBXGroup;
			children = (
				841E133C268E404800C60E31 /* APIService.swift */,
			);
			path = Services;
			sourceTree = "<group>";
		};
		84F4DF16268E44FB004D6944 /* Extensions */ = {
			isa = PBXGroup;
			children = (
				84F4DF17268E4512004D6944 /* URLSession+Extensions.swift */,
			);
			path = Extensions;
			sourceTree = "<group>";
		};
/* End PBXGroup section */

/* Begin PBXNativeTarget section */
		841E131C268E3F9C00C60E31 /* sample */ = {
			isa = PBXNativeTarget;
			buildConfigurationList = 841E1331268E3F9F00C60E31 /* Build configuration list for PBXNativeTarget "sample" */;
			buildPhases = (
				841E1319268E3F9C00C60E31 /* Sources */,
				841E131A268E3F9C00C60E31 /* Frameworks */,
				841E131B268E3F9C00C60E31 /* Resources */,
			);
			buildRules = (
			);
			dependencies = (
			);
			name = sample;
			productName = sample;
			productReference = 841E131D268E3F9C00C60E31 /* sample.app */;
			productType = "com.apple.product-type.application";
		};
/* End PBXNativeTarget section */

/* Begin PBXProject section */
		841E1315268E3F9B00C60E31 /* Project object */ = {
			isa = PBXProject;
			attributes = {
				LastSwiftUpdateCheck = 1240;
				LastUpgradeCheck = 1240;
				TargetAttributes = {
					841E131C268E3F9C00C60E31 = {
						CreatedOnToolsVersion = 12.4;
					};
				};
			};
			buildConfigurationList = 841E1318268E3F9B00C60E31 /* Build configuration list for PBXProject "sample" */;
			compatibilityVersion = "Xcode 9.3";
			developmentRegion = en;
			hasScannedForEncodings = 0;
			knownRegions = (
				en,
				Base,
			);
			mainGroup = 841E1314268E3F9B00C60E31;
			productRefGroup = 841E131E268E3F9C00C60E31 /* Products */;
			projectDirPath = "";
			projectRoot = "";
			targets = (
				841E131C268E3F9C00C60E31 /* sample */,
			);
		};
/* End PBXProject section */

/* Begin PBXResourcesBuildPhase section */
		841E131B268E3F9C00C60E31 /* Resources */ = {
			isa = PBXResourcesBuildPhase;
			buildActionMask = 2147483647;
			files = (
				841E132D268E3F9F00C60E31 /* LaunchScreen.storyboard in Resources */,
				841E132A268E3F9F00C60E31 /* Assets.xcassets in Resources */,
				841E1328268E3F9C00C60E31 /* Main.storyboard in Resources */,
			);
			runOnlyForDeploymentPostprocessing = 0;
		};
/* End PBXResourcesBuildPhase section */

/* Begin PBXSourcesBuildPhase section */
		841E1319268E3F9C00C60E31 /* Sources */ = {
			isa = PBXSourcesBuildPhase;
			buildActionMask = 2147483647;
			files = (
				841E1325268E3F9C00C60E31 /* ViewController.swift in Sources */,
				841E133D268E404800C60E31 /* APIService.swift in Sources */,
				84F4DF18268E4512004D6944 /* URLSession+Extensions.swift in Sources */,
				841E1336268E3FEF00C60E31 /* APIResponse.swift in Sources */,
				841E1321268E3F9C00C60E31 /* AppDelegate.swift in Sources */,
				841E1323268E3F9C00C60E31 /* SceneDelegate.swift in Sources */,
			);
			runOnlyForDeploymentPostprocessing = 0;
		};
/* End PBXSourcesBuildPhase section */

/* Begin PBXVariantGroup section */
		841E1326268E3F9C00C60E31 /* Main.storyboard */ = {
			isa = PBXVariantGroup;
			children = (
				841E1327268E3F9C00C60E31 /* Base */,
			);
			name = Main.storyboard;
			sourceTree = "<group>";
		};
		841E132B268E3F9F00C60E31 /* LaunchScreen.storyboard */ = {
			isa = PBXVariantGroup;
			children = (
				841E132C268E3F9F00C60E31 /* Base */,
			);
			name = LaunchScreen.storyboard;
			sourceTree = "<group>";
		};
/* End PBXVariantGroup section */

/* Begin XCBuildConfiguration section */
		841E132F268E3F9F00C60E31 /* Debug */ = {
			isa = XCBuildConfiguration;
			buildSettings = {
				ALWAYS_SEARCH_USER_PATHS = NO;
				CLANG_ANALYZER_NONNULL = YES;
				CLANG_ANALYZER_NUMBER_OBJECT_CONVERSION = YES_AGGRESSIVE;
				CLANG_CXX_LANGUAGE_STANDARD = "gnu++14";
				CLANG_CXX_LIBRARY = "libc++";
				CLANG_ENABLE_MODULES = YES;
				CLANG_ENABLE_OBJC_ARC = YES;
				CLANG_ENABLE_OBJC_WEAK = YES;
				CLANG_WARN_BLOCK_CAPTURE_AUTORELEASING = YES;
				CLANG_WARN_BOOL_CONVERSION = YES;
				CLANG_WARN_COMMA = YES;
				CLANG_WARN_CONSTANT_CONVERSION = YES;
				CLANG_WARN_DEPRECATED_OBJC_IMPLEMENTATIONS = YES;
				CLANG_WARN_DIRECT_OBJC_ISA_USAGE = YES_ERROR;
				CLANG_WARN_DOCUMENTATION_COMMENTS = YES;
				CLANG_WARN_EMPTY_BODY = YES;
				CLANG_WARN_ENUM_CONVERSION = YES;
				CLANG_WARN_INFINITE_RECURSION = YES;
				CLANG_WARN_INT_CONVERSION = YES;
				CLANG_WARN_NON_LITERAL_NULL_CONVERSION = YES;
				CLANG_WARN_OBJC_IMPLICIT_RETAIN_SELF = YES;
				CLANG_WARN_OBJC_LITERAL_CONVERSION = YES;
				CLANG_WARN_OBJC_ROOT_CLASS = YES_ERROR;
				CLANG_WARN_QUOTED_INCLUDE_IN_FRAMEWORK_HEADER = YES;
				CLANG_WARN_RANGE_LOOP_ANALYSIS = YES;
				CLANG_WARN_STRICT_PROTOTYPES = YES;
				CLANG_WARN_SUSPICIOUS_MOVE = YES;
				CLANG_WARN_UNGUARDED_AVAILABILITY = YES_AGGRESSIVE;
				CLANG_WARN_UNREACHABLE_CODE = YES;
				CLANG_WARN__DUPLICATE_METHOD_MATCH = YES;
				COPY_PHASE_STRIP = NO;
				DEBUG_INFORMATION_FORMAT = dwarf;
				ENABLE_STRICT_OBJC_MSGSEND = YES;
				ENABLE_TESTABILITY = YES;
				GCC_C_LANGUAGE_STANDARD = gnu11;
				GCC_DYNAMIC_NO_PIC = NO;
				GCC_NO_COMMON_BLOCKS = YES;
				GCC_OPTIMIZATION_LEVEL = 0;
				GCC_PREPROCESSOR_DEFINITIONS = (
					"DEBUG=1",
					"$(inherited)",
				);
				GCC_WARN_64_TO_32_BIT_CONVERSION = YES;
				GCC_WARN_ABOUT_RETURN_TYPE = YES_ERROR;
				GCC_WARN_UNDECLARED_SELECTOR = YES;
				GCC_WARN_UNINITIALIZED_AUTOS = YES_AGGRESSIVE;
				GCC_WARN_UNUSED_FUNCTION = YES;
				GCC_WARN_UNUSED_VARIABLE = YES;
				IPHONEOS_DEPLOYMENT_TARGET = 14.4;
				MTL_ENABLE_DEBUG_INFO = INCLUDE_SOURCE;
				MTL_FAST_MATH = YES;
				ONLY_ACTIVE_ARCH = YES;
				SDKROOT = iphoneos;
				SWIFT_ACTIVE_COMPILATION_CONDITIONS = DEBUG;
				SWIFT_OPTIMIZATION_LEVEL = "-Onone";
			};
			name = Debug;
		};
		841E1330268E3F9F00C60E31 /* Release */ = {
			isa = XCBuildConfiguration;
			buildSettings = {
				ALWAYS_SEARCH_USER_PATHS = NO;
				CLANG_ANALYZER_NONNULL = YES;
				CLANG_ANALYZER_NUMBER_OBJECT_CONVERSION = YES_AGGRESSIVE;
				CLANG_CXX_LANGUAGE_STANDARD = "gnu++14";
				CLANG_CXX_LIBRARY = "libc++";
				CLANG_ENABLE_MODULES = YES;
				CLANG_ENABLE_OBJC_ARC = YES;
				CLANG_ENABLE_OBJC_WEAK = YES;
				CLANG_WARN_BLOCK_CAPTURE_AUTORELEASING = YES;
				CLANG_WARN_BOOL_CONVERSION = YES;
				CLANG_WARN_COMMA = YES;
				CLANG_WARN_CONSTANT_CONVERSION = YES;
				CLANG_WARN_DEPRECATED_OBJC_IMPLEMENTATIONS = YES;
				CLANG_WARN_DIRECT_OBJC_ISA_USAGE = YES_ERROR;
				CLANG_WARN_DOCUMENTATION_COMMENTS = YES;
				CLANG_WARN_EMPTY_BODY = YES;
				CLANG_WARN_ENUM_CONVERSION = YES;
				CLANG_WARN_INFINITE_RECURSION = YES;
				CLANG_WARN_INT_CONVERSION = YES;
				CLANG_WARN_NON_LITERAL_NULL_CONVERSION = YES;
				CLANG_WARN_OBJC_IMPLICIT_RETAIN_SELF = YES;
				CLANG_WARN_OBJC_LITERAL_CONVERSION = YES;
				CLANG_WARN_OBJC_ROOT_CLASS = YES_ERROR;
				CLANG_WARN_QUOTED_INCLUDE_IN_FRAMEWORK_HEADER = YES;
				CLANG_WARN_RANGE_LOOP_ANALYSIS = YES;
				CLANG_WARN_STRICT_PROTOTYPES = YES;
				CLANG_WARN_SUSPICIOUS_MOVE = YES;
				CLANG_WARN_UNGUARDED_AVAILABILITY = YES_AGGRESSIVE;
				CLANG_WARN_UNREACHABLE_CODE = YES;
				CLANG_WARN__DUPLICATE_METHOD_MATCH = YES;
				COPY_PHASE_STRIP = NO;
				DEBUG_INFORMATION_FORMAT = "dwarf-with-dsym";
				ENABLE_NS_ASSERTIONS = NO;
				ENABLE_STRICT_OBJC_MSGSEND = YES;
				GCC_C_LANGUAGE_STANDARD = gnu11;
				GCC_NO_COMMON_BLOCKS = YES;
				GCC_WARN_64_TO_32_BIT_CONVERSION = YES;
				GCC_WARN_ABOUT_RETURN_TYPE = YES_ERROR;
				GCC_WARN_UNDECLARED_SELECTOR = YES;
				GCC_WARN_UNINITIALIZED_AUTOS = YES_AGGRESSIVE;
				GCC_WARN_UNUSED_FUNCTION = YES;
				GCC_WARN_UNUSED_VARIABLE = YES;
				IPHONEOS_DEPLOYMENT_TARGET = 14.4;
				MTL_ENABLE_DEBUG_INFO = NO;
				MTL_FAST_MATH = YES;
				SDKROOT = iphoneos;
				SWIFT_COMPILATION_MODE = wholemodule;
				SWIFT_OPTIMIZATION_LEVEL = "-O";
				VALIDATE_PRODUCT = YES;
			};
			name = Release;
		};
		841E1332268E3F9F00C60E31 /* Debug */ = {
			isa = XCBuildConfiguration;
			buildSettings = {
				ASSETCATALOG_COMPILER_APPICON_NAME = AppIcon;
				ASSETCATALOG_COMPILER_GLOBAL_ACCENT_COLOR_NAME = AccentColor;
				CODE_SIGN_STYLE = Automatic;
				DEVELOPMENT_TEAM = 33Z5DSA98E;
				INFOPLIST_FILE = sample/Info.plist;
				LD_RUNPATH_SEARCH_PATHS = (
					"$(inherited)",
					"@executable_path/Frameworks",
				);
				PRODUCT_BUNDLE_IDENTIFIER = FeedMyTummy.sample;
				PRODUCT_NAME = "$(TARGET_NAME)";
				SWIFT_VERSION = 5.0;
				TARGETED_DEVICE_FAMILY = "1,2";
			};
			name = Debug;
		};
		841E1333268E3F9F00C60E31 /* Release */ = {
			isa = XCBuildConfiguration;
			buildSettings = {
				ASSETCATALOG_COMPILER_APPICON_NAME = AppIcon;
				ASSETCATALOG_COMPILER_GLOBAL_ACCENT_COLOR_NAME = AccentColor;
				CODE_SIGN_STYLE = Automatic;
				DEVELOPMENT_TEAM = 33Z5DSA98E;
				INFOPLIST_FILE = sample/Info.plist;
				LD_RUNPATH_SEARCH_PATHS = (
					"$(inherited)",
					"@executable_path/Frameworks",
				);
				PRODUCT_BUNDLE_IDENTIFIER = FeedMyTummy.sample;
				PRODUCT_NAME = "$(TARGET_NAME)";
				SWIFT_VERSION = 5.0;
				TARGETED_DEVICE_FAMILY = "1,2";
			};
			name = Release;
		};
/* End XCBuildConfiguration section */

/* Begin XCConfigurationList section */
		841E1318268E3F9B00C60E31 /* Build configuration list for PBXProject "sample" */ = {
			isa = XCConfigurationList;
			buildConfigurations = (
				841E132F268E3F9F00C60E31 /* Debug */,
				841E1330268E3F9F00C60E31 /* Release */,
			);
			defaultConfigurationIsVisible = 0;
			defaultConfigurationName = Release;
		};
		841E1331268E3F9F00C60E31 /* Build configuration list for PBXNativeTarget "sample" */ = {
			isa = XCConfigurationList;
			buildConfigurations = (
				841E1332268E3F9F00C60E31 /* Debug */,
				841E1333268E3F9F00C60E31 /* Release */,
			);
			defaultConfigurationIsVisible = 0;
			defaultConfigurationName = Release;
		};
/* End XCConfigurationList section */
	};
	rootObject = 841E1315268E3F9B00C60E31 /* Project object */;
}
